
Microsoft Visual Studio Solution File, Format Version 12.00
# Visual Studio 15
VisualStudioVersion = 15.0.27130.2024
MinimumVisualStudioVersion = 10.0.40219.1
Project("{FAE04EC0-301F-11D3-BF4B-00C04F79EFBC}") = "SIS.HTTP", "SIS.HTTP\SIS.HTTP.csproj", "{DF99877F-9AE9-4CDC-901E-11AC40A82CCB}"
EndProject
Project("{FAE04EC0-301F-11D3-BF4B-00C04F79EFBC}") = "SIS.WebServer", "SIS.WebServer\SIS.WebServer.csproj", "{AD0BE0D4-4164-460A-BCE0-869F540C539A}"
EndProject
Global
	GlobalSection(SolutionConfigurationPlatforms) = preSolution
		Debug|Any CPU = Debug|Any CPU
		Release|Any CPU = Release|Any CPU
	EndGlobalSection
	GlobalSection(ProjectConfigurationPlatforms) = postSolution
		{DF99877F-9AE9-4CDC-901E-11AC40A82CCB}.Debug|Any CPU.ActiveCfg = Debug|Any CPU
		{DF99877F-9AE9-4CDC-901E-11AC40A82CCB}.Debug|Any CPU.Build.0 = Debug|Any CPU
		{DF99877F-9AE9-4CDC-901E-11AC40A82CCB}.Release|Any CPU.ActiveCfg = Release|Any CPU
		{DF99877F-9AE9-4CDC-901E-11AC40A82CCB}.Release|Any CPU.Build.0 = Release|Any CPU
		{AD0BE0D4-4164-460A-BCE0-869F540C539A}.Debug|Any CPU.ActiveCfg = Debug|Any CPU
		{AD0BE0D4-4164-460A-BCE0-869F540C539A}.Debug|Any CPU.Build.0 = Debug|Any CPU
		{AD0BE0D4-4164-460A-BCE0-869F540C539A}.Release|Any CPU.ActiveCfg = Release|Any CPU
		{AD0BE0D4-4164-460A-BCE0-869F540C539A}.Release|Any CPU.Build.0 = Release|Any CPU
	EndGlobalSection
	GlobalSection(SolutionProperties) = preSolution
		HideSolutionNode = FALSE
	EndGlobalSection
	GlobalSection(ExtensibilityGlobals) = postSolution
		SolutionGuid = {A604AD4C-AAC4-4D36-A62B-8D4A3E029226}
	EndGlobalSection
EndGlobal
