
Microsoft Visual Studio Solution File, Format Version 12.00
# Visual Studio 15
VisualStudioVersion = 15.0.27130.2024
MinimumVisualStudioVersion = 10.0.40219.1
Project("{FAE04EC0-301F-11D3-BF4B-00C04F79EFBC}") = "RunesApp", "IRunesApp\RunesApp.csproj", "{6691C20C-AD6B-48E4-B251-C54B26D5843A}"
EndProject
Global
	GlobalSection(SolutionConfigurationPlatforms) = preSolution
		Debug|Any CPU = Debug|Any CPU
		Release|Any CPU = Release|Any CPU
	EndGlobalSection
	GlobalSection(ProjectConfigurationPlatforms) = postSolution
		{6691C20C-AD6B-48E4-B251-C54B26D5843A}.Debug|Any CPU.ActiveCfg = Debug|Any CPU
		{6691C20C-AD6B-48E4-B251-C54B26D5843A}.Debug|Any CPU.Build.0 = Debug|Any CPU
		{6691C20C-AD6B-48E4-B251-C54B26D5843A}.Release|Any CPU.ActiveCfg = Release|Any CPU
		{6691C20C-AD6B-48E4-B251-C54B26D5843A}.Release|Any CPU.Build.0 = Release|Any CPU
	EndGlobalSection
	GlobalSection(SolutionProperties) = preSolution
		HideSolutionNode = FALSE
	EndGlobalSection
	GlobalSection(ExtensibilityGlobals) = postSolution
		SolutionGuid = {462A5CE3-508A-4417-A02B-278F925EB7A9}
	EndGlobalSection
EndGlobal
