
Microsoft Visual Studio Solution File, Format Version 12.00
# Visual Studio 15
VisualStudioVersion = 15.0.27130.2024
MinimumVisualStudioVersion = 10.0.40219.1
Project("{9A19103F-16F7-4668-BE54-9A1E7A4F7556}") = "SIS.HTTP", "SIS.HTTP\SIS.HTTP.csproj", "{9C8ADFD1-16AE-4365-A160-A1C6091A0509}"
EndProject
Project("{2150E333-8FDC-42A3-9474-1A3956D46DE8}") = "MishMashApp", "MishMashApp", "{8B7722D1-9AA2-4924-97FC-E6E5BCB691DF}"
EndProject
Project("{9A19103F-16F7-4668-BE54-9A1E7A4F7556}") = "MishMash.App", "MishMash.App\MishMash.App.csproj", "{B21A8C61-7746-448C-9046-D1803CA95947}"
EndProject
Project("{9A19103F-16F7-4668-BE54-9A1E7A4F7556}") = "SIS.MvcFramework", "SIS.MvcFramework\SIS.MvcFramework.csproj", "{8505725E-2669-4B8F-97EB-35571CC547CA}"
EndProject
Project("{9A19103F-16F7-4668-BE54-9A1E7A4F7556}") = "SIS.WebServer", "SIS.WebServer\SIS.WebServer.csproj", "{623DA437-0F08-45DC-8706-2204C1510260}"
EndProject
Global
	GlobalSection(SolutionConfigurationPlatforms) = preSolution
		Debug|Any CPU = Debug|Any CPU
		Release|Any CPU = Release|Any CPU
	EndGlobalSection
	GlobalSection(ProjectConfigurationPlatforms) = postSolution
		{9C8ADFD1-16AE-4365-A160-A1C6091A0509}.Debug|Any CPU.ActiveCfg = Debug|Any CPU
		{9C8ADFD1-16AE-4365-A160-A1C6091A0509}.Debug|Any CPU.Build.0 = Debug|Any CPU
		{9C8ADFD1-16AE-4365-A160-A1C6091A0509}.Release|Any CPU.ActiveCfg = Release|Any CPU
		{9C8ADFD1-16AE-4365-A160-A1C6091A0509}.Release|Any CPU.Build.0 = Release|Any CPU
		{B21A8C61-7746-448C-9046-D1803CA95947}.Debug|Any CPU.ActiveCfg = Debug|Any CPU
		{B21A8C61-7746-448C-9046-D1803CA95947}.Debug|Any CPU.Build.0 = Debug|Any CPU
		{B21A8C61-7746-448C-9046-D1803CA95947}.Release|Any CPU.ActiveCfg = Release|Any CPU
		{B21A8C61-7746-448C-9046-D1803CA95947}.Release|Any CPU.Build.0 = Release|Any CPU
		{8505725E-2669-4B8F-97EB-35571CC547CA}.Debug|Any CPU.ActiveCfg = Debug|Any CPU
		{8505725E-2669-4B8F-97EB-35571CC547CA}.Debug|Any CPU.Build.0 = Debug|Any CPU
		{8505725E-2669-4B8F-97EB-35571CC547CA}.Release|Any CPU.ActiveCfg = Release|Any CPU
		{8505725E-2669-4B8F-97EB-35571CC547CA}.Release|Any CPU.Build.0 = Release|Any CPU
		{623DA437-0F08-45DC-8706-2204C1510260}.Debug|Any CPU.ActiveCfg = Debug|Any CPU
		{623DA437-0F08-45DC-8706-2204C1510260}.Debug|Any CPU.Build.0 = Debug|Any CPU
		{623DA437-0F08-45DC-8706-2204C1510260}.Release|Any CPU.ActiveCfg = Release|Any CPU
		{623DA437-0F08-45DC-8706-2204C1510260}.Release|Any CPU.Build.0 = Release|Any CPU
	EndGlobalSection
	GlobalSection(SolutionProperties) = preSolution
		HideSolutionNode = FALSE
	EndGlobalSection
	GlobalSection(NestedProjects) = preSolution
		{B21A8C61-7746-448C-9046-D1803CA95947} = {8B7722D1-9AA2-4924-97FC-E6E5BCB691DF}
	EndGlobalSection
	GlobalSection(ExtensibilityGlobals) = postSolution
		SolutionGuid = {7DDABD09-DCFC-4DD2-996C-EDD241D1D1F0}
	EndGlobalSection
EndGlobal
