
Microsoft Visual Studio Solution File, Format Version 12.00
# Visual Studio 15
VisualStudioVersion = 15.0.27130.2024
MinimumVisualStudioVersion = 10.0.40219.1
Project("{9A19103F-16F7-4668-BE54-9A1E7A4F7556}") = "00.AsynchDemo", "AsynchDemo\00.AsynchDemo.csproj", "{5144E2B3-A718-472E-9B9F-388BA16DFFE1}"
EndProject
Project("{9A19103F-16F7-4668-BE54-9A1E7A4F7556}") = "01.EvenNumbersThread", "01.EvenNumbersThread\01.EvenNumbersThread.csproj", "{B15909B8-4B2F-4435-A231-2D6EFAB17F18}"
EndProject
Project("{9A19103F-16F7-4668-BE54-9A1E7A4F7556}") = "02.SliceFile", "02.SliceFile\02.SliceFile.csproj", "{0FF786F0-8051-4D52-B0E5-EDD07A443178}"
EndProject
Project("{FAE04EC0-301F-11D3-BF4B-00C04F79EFBC}") = "03.SimpleWebServer", "03.SimpleWebServer\03.SimpleWebServer.csproj", "{AB75E285-B63B-4207-9F4C-7E5558788F3F}"
EndProject
Global
	GlobalSection(SolutionConfigurationPlatforms) = preSolution
		Debug|Any CPU = Debug|Any CPU
		Release|Any CPU = Release|Any CPU
	EndGlobalSection
	GlobalSection(ProjectConfigurationPlatforms) = postSolution
		{5144E2B3-A718-472E-9B9F-388BA16DFFE1}.Debug|Any CPU.ActiveCfg = Debug|Any CPU
		{5144E2B3-A718-472E-9B9F-388BA16DFFE1}.Debug|Any CPU.Build.0 = Debug|Any CPU
		{5144E2B3-A718-472E-9B9F-388BA16DFFE1}.Release|Any CPU.ActiveCfg = Release|Any CPU
		{5144E2B3-A718-472E-9B9F-388BA16DFFE1}.Release|Any CPU.Build.0 = Release|Any CPU
		{B15909B8-4B2F-4435-A231-2D6EFAB17F18}.Debug|Any CPU.ActiveCfg = Debug|Any CPU
		{B15909B8-4B2F-4435-A231-2D6EFAB17F18}.Debug|Any CPU.Build.0 = Debug|Any CPU
		{B15909B8-4B2F-4435-A231-2D6EFAB17F18}.Release|Any CPU.ActiveCfg = Release|Any CPU
		{B15909B8-4B2F-4435-A231-2D6EFAB17F18}.Release|Any CPU.Build.0 = Release|Any CPU
		{0FF786F0-8051-4D52-B0E5-EDD07A443178}.Debug|Any CPU.ActiveCfg = Debug|Any CPU
		{0FF786F0-8051-4D52-B0E5-EDD07A443178}.Debug|Any CPU.Build.0 = Debug|Any CPU
		{0FF786F0-8051-4D52-B0E5-EDD07A443178}.Release|Any CPU.ActiveCfg = Release|Any CPU
		{0FF786F0-8051-4D52-B0E5-EDD07A443178}.Release|Any CPU.Build.0 = Release|Any CPU
		{AB75E285-B63B-4207-9F4C-7E5558788F3F}.Debug|Any CPU.ActiveCfg = Debug|Any CPU
		{AB75E285-B63B-4207-9F4C-7E5558788F3F}.Debug|Any CPU.Build.0 = Debug|Any CPU
		{AB75E285-B63B-4207-9F4C-7E5558788F3F}.Release|Any CPU.ActiveCfg = Release|Any CPU
		{AB75E285-B63B-4207-9F4C-7E5558788F3F}.Release|Any CPU.Build.0 = Release|Any CPU
	EndGlobalSection
	GlobalSection(SolutionProperties) = preSolution
		HideSolutionNode = FALSE
	EndGlobalSection
	GlobalSection(ExtensibilityGlobals) = postSolution
		SolutionGuid = {32E20180-7D50-482A-A232-DB9C9881939F}
	EndGlobalSection
EndGlobal
